
Microsoft Visual Studio Solution File, Format Version 12.00
# Visual Studio Version 17
VisualStudioVersion = 17.14.36121.58 d17.14
MinimumVisualStudioVersion = 10.0.40219.1
Project("{8BC9CEB8-8B4A-11D0-8D11-00A0C91BC942}") = "snakeGame", "snakeGame.vcxproj", "{39265D7D-7146-4EF7-A6D1-CA6BCC73FB4F}"
EndProject
Global
	GlobalSection(SolutionConfigurationPlatforms) = preSolution
		Debug|x64 = Debug|x64
		Debug|x86 = Debug|x86
		Release|x64 = Release|x64
		Release|x86 = Release|x86
	EndGlobalSection
	GlobalSection(ProjectConfigurationPlatforms) = postSolution
		{39265D7D-7146-4EF7-A6D1-CA6BCC73FB4F}.Debug|x64.ActiveCfg = Debug|x64
		{39265D7D-7146-4EF7-A6D1-CA6BCC73FB4F}.Debug|x64.Build.0 = Debug|x64
		{39265D7D-7146-4EF7-A6D1-CA6BCC73FB4F}.Debug|x86.ActiveCfg = Debug|Win32
		{39265D7D-7146-4EF7-A6D1-CA6BCC73FB4F}.Debug|x86.Build.0 = Debug|Win32
		{39265D7D-7146-4EF7-A6D1-CA6BCC73FB4F}.Release|x64.ActiveCfg = Release|x64
		{39265D7D-7146-4EF7-A6D1-CA6BCC73FB4F}.Release|x64.Build.0 = Release|x64
		{39265D7D-7146-4EF7-A6D1-CA6BCC73FB4F}.Release|x86.ActiveCfg = Release|Win32
		{39265D7D-7146-4EF7-A6D1-CA6BCC73FB4F}.Release|x86.Build.0 = Release|Win32
	EndGlobalSection
	GlobalSection(SolutionProperties) = preSolution
		HideSolutionNode = FALSE
	EndGlobalSection
	GlobalSection(ExtensibilityGlobals) = postSolution
		SolutionGuid = {71F943B2-AC87-4509-825C-E2882604E60A}
	EndGlobalSection
EndGlobal
